PODS:
  - Adiscope (4.4.0)
  - Flutter (1.0.0)
  - path_provider_foundation (0.0.1):
    - Flutter
    - FlutterMacOS
  - sqflite_darwin (0.0.4):
    - Flutter
    - FlutterMacOS
  - tnk_flutter_rwd (0.5.0):
    - Adiscope (= 4.4.0)
    - Flutter

DEPENDENCIES:
  - Flutter (from `Flutter`)
  - path_provider_foundation (from `.symlinks/plugins/path_provider_foundation/darwin`)
  - sqflite_darwin (from `.symlinks/plugins/sqflite_darwin/darwin`)
  - tnk_flutter_rwd (from `.symlinks/plugins/tnk_flutter_rwd/ios`)

SPEC REPOS:
  trunk:
    - Adiscope

EXTERNAL SOURCES:
  Flutter:
    :path: Flutter
  path_provider_foundation:
    :path: ".symlinks/plugins/path_provider_foundation/darwin"
  sqflite_darwin:
    :path: ".symlinks/plugins/sqflite_darwin/darwin"
  tnk_flutter_rwd:
    :path: ".symlinks/plugins/tnk_flutter_rwd/ios"

SPEC CHECKSUMS:
  Adiscope: 17b2c846875a7893746d0bc7391bebf02b06e407
  Flutter: e0871f40cf51350855a761d2e70bf5af5b9b5de7
  path_provider_foundation: 2b6b4c569c0fb62ec74538f866245ac84301af46
  sqflite_darwin: 5a7236e3b501866c1c9befc6771dfd73ffb8702d
  tnk_flutter_rwd: 0762675ea228d3d25664286db46b4ccb401d1a26

PODFILE CHECKSUM: aa84848161adb5be0a3c0f90181f494a19558306

COCOAPODS: 1.15.2
