PODS:
  - Flutter (1.0.0)
  - tnk_flutter_rwd (0.3.8):
    - Flutter

DEPENDENCIES:
  - Flutter (from `Flutter`)
  - tnk_flutter_rwd (from `.symlinks/plugins/tnk_flutter_rwd/ios`)

EXTERNAL SOURCES:
  Flutter:
    :path: Flutter
  tnk_flutter_rwd:
    :path: ".symlinks/plugins/tnk_flutter_rwd/ios"

SPEC CHECKSUMS:
  Flutter: e0871f40cf51350855a761d2e70bf5af5b9b5de7
  tnk_flutter_rwd: 0e5a38976d823da9302dd896be5c9314281a907c

PODFILE CHECKSUM: f637bb4b6043f98485951ef0ad7407ef0841bda6

COCOAPODS: 1.12.1
